
Microsoft Visual Studio Solution File, Format Version 12.00
# Visual Studio 15
VisualStudioVersion = 15.0.27703.2026
MinimumVisualStudioVersion = 10.0.40219.1
Project("{FAE04EC0-301F-11D3-BF4B-00C04F79EFBC}") = "ConsoleApp2", "ConsoleApp2\ConsoleApp2.csproj", "{396EC143-9A34-4A44-86D3-EBC16F0CE5A5}"
EndProject
Global
	GlobalSection(SolutionConfigurationPlatforms) = preSolution
		Debug|Any CPU = Debug|Any CPU
		Release|Any CPU = Release|Any CPU
	EndGlobalSection
	GlobalSection(ProjectConfigurationPlatforms) = postSolution
		{396EC143-9A34-4A44-86D3-EBC16F0CE5A5}.Debug|Any CPU.ActiveCfg = Debug|Any CPU
		{396EC143-9A34-4A44-86D3-EBC16F0CE5A5}.Debug|Any CPU.Build.0 = Debug|Any CPU
		{396EC143-9A34-4A44-86D3-EBC16F0CE5A5}.Release|Any CPU.ActiveCfg = Release|Any CPU
		{396EC143-9A34-4A44-86D3-EBC16F0CE5A5}.Release|Any CPU.Build.0 = Release|Any CPU
	EndGlobalSection
	GlobalSection(SolutionProperties) = preSolution
		HideSolutionNode = FALSE
	EndGlobalSection
	GlobalSection(ExtensibilityGlobals) = postSolution
		SolutionGuid = {D696A1BA-4B79-42EB-95D4-1BC2335D7CAD}
	EndGlobalSection
EndGlobal
